
Microsoft Visual Studio Solution File, Format Version 12.00
# Visual Studio 2012
Project("{FAE04EC0-301F-11D3-BF4B-00C04F79EFBC}") = "BingMapsWPFViewer.Main", "BingMapsWPFViewer\BingMapsWPFViewer.Main.csproj", "{3F96E0D0-C118-436C-A704-5B09A7B41CAB}"
	ProjectSection(ProjectDependencies) = postProject
		{6BEF5457-9E4A-4355-88B9-F53C994D34E2} = {6BEF5457-9E4A-4355-88B9-F53C994D34E2}
	EndProjectSection
EndProject
Project("{FAE04EC0-301F-11D3-BF4B-00C04F79EFBC}") = "BingMapsWPFViewer.Model", "BingMapsWPFViewer.Model\BingMapsWPFViewer.Model.csproj", "{F1E6D820-C12F-45EC-A124-F30C899F73FA}"
EndProject
Project("{FAE04EC0-301F-11D3-BF4B-00C04F79EFBC}") = "BingMapsWPFViewer.ViewModel", "BingMapsWPFViewer.ViewModel\BingMapsWPFViewer.ViewModel.csproj", "{6BEF5457-9E4A-4355-88B9-F53C994D34E2}"
	ProjectSection(ProjectDependencies) = postProject
		{F1E6D820-C12F-45EC-A124-F30C899F73FA} = {F1E6D820-C12F-45EC-A124-F30C899F73FA}
	EndProjectSection
EndProject
Project("{FAE04EC0-301F-11D3-BF4B-00C04F79EFBC}") = "BingMapsWPFViewer.Framework", "BingMapsWPFViewer.Framework\BingMapsWPFViewer.Framework.csproj", "{02D66CE1-317F-4089-8451-AEF858587952}"
EndProject
Project("{FAE04EC0-301F-11D3-BF4B-00C04F79EFBC}") = "BingMapsWPFViewer.Services.Mocks", "BingMapsWPFViewer.ServicesMocks\BingMapsWPFViewer.Services.Mocks.csproj", "{DADECC61-EFE0-41F8-B37F-7818B3447B72}"
EndProject
Project("{FAE04EC0-301F-11D3-BF4B-00C04F79EFBC}") = "BingMapsWPFViewer.Views", "BingMapsWPFViewer.Views\BingMapsWPFViewer.Views.csproj", "{E490B92C-F76D-4CCA-B5C5-7FC47DB9955B}"
EndProject
Project("{2150E333-8FDC-42A3-9474-1A3956D46DE8}") = "Framework", "Framework", "{7FD4C56F-A2D6-41C6-93A2-95A166866148}"
EndProject
Project("{2150E333-8FDC-42A3-9474-1A3956D46DE8}") = "Model - Services", "Model - Services", "{B0CD9D2A-7DF0-4B19-BFE9-D4CBAA894F42}"
EndProject
Project("{FAE04EC0-301F-11D3-BF4B-00C04F79EFBC}") = "BingMapsWPFViewer.Services", "BingMapsWPFViewer.Services\BingMapsWPFViewer.Services.csproj", "{BD6C6065-9D01-4B92-9666-3FECA5F6CD31}"
EndProject
Project("{2150E333-8FDC-42A3-9474-1A3956D46DE8}") = "MVVM", "MVVM", "{B0FFACF1-A902-4CB5-BC50-4671EA109757}"
EndProject
Project("{FAE04EC0-301F-11D3-BF4B-00C04F79EFBC}") = "BingMapsWPFViewer.Tools", "BingMapsWPFViewer.Tools\BingMapsWPFViewer.Tools.csproj", "{F6F2CDA7-DB43-41A2-BDF2-C16C1F117E0B}"
EndProject
Global
	GlobalSection(SolutionConfigurationPlatforms) = preSolution
		Debug|Any CPU = Debug|Any CPU
		Debug|Mixed Platforms = Debug|Mixed Platforms
		Debug|x86 = Debug|x86
		Release|Any CPU = Release|Any CPU
		Release|Mixed Platforms = Release|Mixed Platforms
		Release|x86 = Release|x86
	EndGlobalSection
	GlobalSection(ProjectConfigurationPlatforms) = postSolution
		{3F96E0D0-C118-436C-A704-5B09A7B41CAB}.Debug|Any CPU.ActiveCfg = Debug|x86
		{3F96E0D0-C118-436C-A704-5B09A7B41CAB}.Debug|Any CPU.Build.0 = Debug|x86
		{3F96E0D0-C118-436C-A704-5B09A7B41CAB}.Debug|Mixed Platforms.ActiveCfg = Debug|x86
		{3F96E0D0-C118-436C-A704-5B09A7B41CAB}.Debug|Mixed Platforms.Build.0 = Debug|x86
		{3F96E0D0-C118-436C-A704-5B09A7B41CAB}.Debug|x86.ActiveCfg = Debug|x86
		{3F96E0D0-C118-436C-A704-5B09A7B41CAB}.Debug|x86.Build.0 = Debug|x86
		{3F96E0D0-C118-436C-A704-5B09A7B41CAB}.Release|Any CPU.ActiveCfg = Release|x86
		{3F96E0D0-C118-436C-A704-5B09A7B41CAB}.Release|Any CPU.Build.0 = Release|x86
		{3F96E0D0-C118-436C-A704-5B09A7B41CAB}.Release|Mixed Platforms.ActiveCfg = Release|x86
		{3F96E0D0-C118-436C-A704-5B09A7B41CAB}.Release|Mixed Platforms.Build.0 = Release|x86
		{3F96E0D0-C118-436C-A704-5B09A7B41CAB}.Release|x86.ActiveCfg = Release|x86
		{3F96E0D0-C118-436C-A704-5B09A7B41CAB}.Release|x86.Build.0 = Release|x86
		{F1E6D820-C12F-45EC-A124-F30C899F73FA}.Debug|Any CPU.ActiveCfg = Debug|Any CPU
		{F1E6D820-C12F-45EC-A124-F30C899F73FA}.Debug|Any CPU.Build.0 = Debug|Any CPU
		{F1E6D820-C12F-45EC-A124-F30C899F73FA}.Debug|Mixed Platforms.ActiveCfg = Debug|Any CPU
		{F1E6D820-C12F-45EC-A124-F30C899F73FA}.Debug|Mixed Platforms.Build.0 = Debug|Any CPU
		{F1E6D820-C12F-45EC-A124-F30C899F73FA}.Debug|x86.ActiveCfg = Debug|Any CPU
		{F1E6D820-C12F-45EC-A124-F30C899F73FA}.Release|Any CPU.ActiveCfg = Release|Any CPU
		{F1E6D820-C12F-45EC-A124-F30C899F73FA}.Release|Any CPU.Build.0 = Release|Any CPU
		{F1E6D820-C12F-45EC-A124-F30C899F73FA}.Release|Mixed Platforms.ActiveCfg = Release|Any CPU
		{F1E6D820-C12F-45EC-A124-F30C899F73FA}.Release|Mixed Platforms.Build.0 = Release|Any CPU
		{F1E6D820-C12F-45EC-A124-F30C899F73FA}.Release|x86.ActiveCfg = Release|Any CPU
		{6BEF5457-9E4A-4355-88B9-F53C994D34E2}.Debug|Any CPU.ActiveCfg = Debug|Any CPU
		{6BEF5457-9E4A-4355-88B9-F53C994D34E2}.Debug|Any CPU.Build.0 = Debug|Any CPU
		{6BEF5457-9E4A-4355-88B9-F53C994D34E2}.Debug|Mixed Platforms.ActiveCfg = Debug|Any CPU
		{6BEF5457-9E4A-4355-88B9-F53C994D34E2}.Debug|Mixed Platforms.Build.0 = Debug|Any CPU
		{6BEF5457-9E4A-4355-88B9-F53C994D34E2}.Debug|x86.ActiveCfg = Debug|Any CPU
		{6BEF5457-9E4A-4355-88B9-F53C994D34E2}.Release|Any CPU.ActiveCfg = Release|Any CPU
		{6BEF5457-9E4A-4355-88B9-F53C994D34E2}.Release|Any CPU.Build.0 = Release|Any CPU
		{6BEF5457-9E4A-4355-88B9-F53C994D34E2}.Release|Mixed Platforms.ActiveCfg = Release|Any CPU
		{6BEF5457-9E4A-4355-88B9-F53C994D34E2}.Release|Mixed Platforms.Build.0 = Release|Any CPU
		{6BEF5457-9E4A-4355-88B9-F53C994D34E2}.Release|x86.ActiveCfg = Release|Any CPU
		{02D66CE1-317F-4089-8451-AEF858587952}.Debug|Any CPU.ActiveCfg = Debug|Any CPU
		{02D66CE1-317F-4089-8451-AEF858587952}.Debug|Any CPU.Build.0 = Debug|Any CPU
		{02D66CE1-317F-4089-8451-AEF858587952}.Debug|Mixed Platforms.ActiveCfg = Debug|Any CPU
		{02D66CE1-317F-4089-8451-AEF858587952}.Debug|Mixed Platforms.Build.0 = Debug|Any CPU
		{02D66CE1-317F-4089-8451-AEF858587952}.Debug|x86.ActiveCfg = Debug|Any CPU
		{02D66CE1-317F-4089-8451-AEF858587952}.Release|Any CPU.ActiveCfg = Release|Any CPU
		{02D66CE1-317F-4089-8451-AEF858587952}.Release|Any CPU.Build.0 = Release|Any CPU
		{02D66CE1-317F-4089-8451-AEF858587952}.Release|Mixed Platforms.ActiveCfg = Release|Any CPU
		{02D66CE1-317F-4089-8451-AEF858587952}.Release|Mixed Platforms.Build.0 = Release|Any CPU
		{02D66CE1-317F-4089-8451-AEF858587952}.Release|x86.ActiveCfg = Release|Any CPU
		{DADECC61-EFE0-41F8-B37F-7818B3447B72}.Debug|Any CPU.ActiveCfg = Debug|Any CPU
		{DADECC61-EFE0-41F8-B37F-7818B3447B72}.Debug|Any CPU.Build.0 = Debug|Any CPU
		{DADECC61-EFE0-41F8-B37F-7818B3447B72}.Debug|Mixed Platforms.ActiveCfg = Debug|Any CPU
		{DADECC61-EFE0-41F8-B37F-7818B3447B72}.Debug|Mixed Platforms.Build.0 = Debug|Any CPU
		{DADECC61-EFE0-41F8-B37F-7818B3447B72}.Debug|x86.ActiveCfg = Debug|Any CPU
		{DADECC61-EFE0-41F8-B37F-7818B3447B72}.Release|Any CPU.ActiveCfg = Release|Any CPU
		{DADECC61-EFE0-41F8-B37F-7818B3447B72}.Release|Any CPU.Build.0 = Release|Any CPU
		{DADECC61-EFE0-41F8-B37F-7818B3447B72}.Release|Mixed Platforms.ActiveCfg = Release|Any CPU
		{DADECC61-EFE0-41F8-B37F-7818B3447B72}.Release|Mixed Platforms.Build.0 = Release|Any CPU
		{DADECC61-EFE0-41F8-B37F-7818B3447B72}.Release|x86.ActiveCfg = Release|Any CPU
		{E490B92C-F76D-4CCA-B5C5-7FC47DB9955B}.Debug|Any CPU.ActiveCfg = Debug|Any CPU
		{E490B92C-F76D-4CCA-B5C5-7FC47DB9955B}.Debug|Any CPU.Build.0 = Debug|Any CPU
		{E490B92C-F76D-4CCA-B5C5-7FC47DB9955B}.Debug|Mixed Platforms.ActiveCfg = Debug|Any CPU
		{E490B92C-F76D-4CCA-B5C5-7FC47DB9955B}.Debug|Mixed Platforms.Build.0 = Debug|Any CPU
		{E490B92C-F76D-4CCA-B5C5-7FC47DB9955B}.Debug|x86.ActiveCfg = Debug|Any CPU
		{E490B92C-F76D-4CCA-B5C5-7FC47DB9955B}.Release|Any CPU.ActiveCfg = Release|Any CPU
		{E490B92C-F76D-4CCA-B5C5-7FC47DB9955B}.Release|Any CPU.Build.0 = Release|Any CPU
		{E490B92C-F76D-4CCA-B5C5-7FC47DB9955B}.Release|Mixed Platforms.ActiveCfg = Release|Any CPU
		{E490B92C-F76D-4CCA-B5C5-7FC47DB9955B}.Release|Mixed Platforms.Build.0 = Release|Any CPU
		{E490B92C-F76D-4CCA-B5C5-7FC47DB9955B}.Release|x86.ActiveCfg = Release|Any CPU
		{BD6C6065-9D01-4B92-9666-3FECA5F6CD31}.Debug|Any CPU.ActiveCfg = Debug|Any CPU
		{BD6C6065-9D01-4B92-9666-3FECA5F6CD31}.Debug|Any CPU.Build.0 = Debug|Any CPU
		{BD6C6065-9D01-4B92-9666-3FECA5F6CD31}.Debug|Mixed Platforms.ActiveCfg = Debug|Any CPU
		{BD6C6065-9D01-4B92-9666-3FECA5F6CD31}.Debug|Mixed Platforms.Build.0 = Debug|Any CPU
		{BD6C6065-9D01-4B92-9666-3FECA5F6CD31}.Debug|x86.ActiveCfg = Debug|Any CPU
		{BD6C6065-9D01-4B92-9666-3FECA5F6CD31}.Release|Any CPU.ActiveCfg = Release|Any CPU
		{BD6C6065-9D01-4B92-9666-3FECA5F6CD31}.Release|Any CPU.Build.0 = Release|Any CPU
		{BD6C6065-9D01-4B92-9666-3FECA5F6CD31}.Release|Mixed Platforms.ActiveCfg = Release|Any CPU
		{BD6C6065-9D01-4B92-9666-3FECA5F6CD31}.Release|Mixed Platforms.Build.0 = Release|Any CPU
		{BD6C6065-9D01-4B92-9666-3FECA5F6CD31}.Release|x86.ActiveCfg = Release|Any CPU
		{F6F2CDA7-DB43-41A2-BDF2-C16C1F117E0B}.Debug|Any CPU.ActiveCfg = Debug|Any CPU
		{F6F2CDA7-DB43-41A2-BDF2-C16C1F117E0B}.Debug|Any CPU.Build.0 = Debug|Any CPU
		{F6F2CDA7-DB43-41A2-BDF2-C16C1F117E0B}.Debug|Mixed Platforms.ActiveCfg = Debug|Any CPU
		{F6F2CDA7-DB43-41A2-BDF2-C16C1F117E0B}.Debug|Mixed Platforms.Build.0 = Debug|Any CPU
		{F6F2CDA7-DB43-41A2-BDF2-C16C1F117E0B}.Debug|x86.ActiveCfg = Debug|Any CPU
		{F6F2CDA7-DB43-41A2-BDF2-C16C1F117E0B}.Release|Any CPU.ActiveCfg = Release|Any CPU
		{F6F2CDA7-DB43-41A2-BDF2-C16C1F117E0B}.Release|Any CPU.Build.0 = Release|Any CPU
		{F6F2CDA7-DB43-41A2-BDF2-C16C1F117E0B}.Release|Mixed Platforms.ActiveCfg = Release|Any CPU
		{F6F2CDA7-DB43-41A2-BDF2-C16C1F117E0B}.Release|Mixed Platforms.Build.0 = Release|Any CPU
		{F6F2CDA7-DB43-41A2-BDF2-C16C1F117E0B}.Release|x86.ActiveCfg = Release|Any CPU
	EndGlobalSection
	GlobalSection(SolutionProperties) = preSolution
		HideSolutionNode = FALSE
	EndGlobalSection
	GlobalSection(NestedProjects) = preSolution
		{6BEF5457-9E4A-4355-88B9-F53C994D34E2} = {B0FFACF1-A902-4CB5-BC50-4671EA109757}
		{E490B92C-F76D-4CCA-B5C5-7FC47DB9955B} = {B0FFACF1-A902-4CB5-BC50-4671EA109757}
		{3F96E0D0-C118-436C-A704-5B09A7B41CAB} = {B0FFACF1-A902-4CB5-BC50-4671EA109757}
		{DADECC61-EFE0-41F8-B37F-7818B3447B72} = {B0CD9D2A-7DF0-4B19-BFE9-D4CBAA894F42}
		{F1E6D820-C12F-45EC-A124-F30C899F73FA} = {B0CD9D2A-7DF0-4B19-BFE9-D4CBAA894F42}
		{BD6C6065-9D01-4B92-9666-3FECA5F6CD31} = {B0CD9D2A-7DF0-4B19-BFE9-D4CBAA894F42}
		{02D66CE1-317F-4089-8451-AEF858587952} = {7FD4C56F-A2D6-41C6-93A2-95A166866148}
		{F6F2CDA7-DB43-41A2-BDF2-C16C1F117E0B} = {7FD4C56F-A2D6-41C6-93A2-95A166866148}
	EndGlobalSection
EndGlobal
